
Microsoft Visual Studio Solution File, Format Version 12.00
# Visual Studio Version 17
VisualStudioVersion = 17.0.31903.59
MinimumVisualStudioVersion = 10.0.40219.1
Project("{FAE04EC0-301F-11D3-BF4B-00C04F79EFBC}") = "SharedEvents", "SharedEvents\SharedEvents.csproj", "{C0E5F5B1-6E62-4930-B5BE-696CDBD0A252}"
EndProject
Project("{FAE04EC0-301F-11D3-BF4B-00C04F79EFBC}") = "OrderService", "OrderService\OrderService.csproj", "{D4424814-19E8-42F7-9F17-81C10A49502F}"
EndProject
Project("{FAE04EC0-301F-11D3-BF4B-00C04F79EFBC}") = "DeliveryService", "DeliveryService\DeliveryService.csproj", "{1460CD10-7BEA-4A3E-B8DA-6DC6807D0DEE}"
EndProject
Project("{FAE04EC0-301F-11D3-BF4B-00C04F79EFBC}") = "OcelotGateway", "OcelotApiGateway\OcelotGateway.csproj", "{474ED94D-71BD-41DF-ABD0-588014D55C94}"
EndProject
Project("{2150E333-8FDC-42A3-9474-1A3956D46DE8}") = "DeliveryService", "DeliveryService", "{6A444934-E0CC-4EC4-B417-BC1E0DDD1286}"
EndProject
Project("{FAE04EC0-301F-11D3-BF4B-00C04F79EFBC}") = "DeliveryService.Domain", "DeliveryService\DeliveryService.Domain\DeliveryService.Domain.csproj", "{8328E052-C5BE-4573-9961-3A3BAA433903}"
EndProject
Project("{FAE04EC0-301F-11D3-BF4B-00C04F79EFBC}") = "DeliveryService.Application", "DeliveryService\DeliveryService.Application\DeliveryService.Application.csproj", "{958B713D-F346-483F-A42E-0EBB99C159C4}"
EndProject
Project("{FAE04EC0-301F-11D3-BF4B-00C04F79EFBC}") = "DeliveryService.Infrastructure", "DeliveryService\DeliveryService.Infrastructure\DeliveryService.Infrastructure.csproj", "{052FD3F8-D290-43B5-9E72-48FCDCB92504}"
EndProject
Project("{FAE04EC0-301F-11D3-BF4B-00C04F79EFBC}") = "DeliveryService.API", "DeliveryService\DeliveryService.API\DeliveryService.API.csproj", "{6B997F60-CFC6-48A7-B9CA-655B73C6F4BF}"
EndProject
Project("{2150E333-8FDC-42A3-9474-1A3956D46DE8}") = "OrderService", "OrderService", "{CD9B9E1E-49AD-4272-BD33-01288B4A76AB}"
EndProject
Project("{FAE04EC0-301F-11D3-BF4B-00C04F79EFBC}") = "OrderService.API", "OrderService\OrderService.API\OrderService.API.csproj", "{BEA6C15E-E071-43DE-B9C8-81D5B86A39CE}"
EndProject
Project("{FAE04EC0-301F-11D3-BF4B-00C04F79EFBC}") = "OrderService.Application", "OrderService\OrderService.Application\OrderService.Application.csproj", "{19CAE239-5862-4805-AB3E-217ED7166B46}"
EndProject
Project("{FAE04EC0-301F-11D3-BF4B-00C04F79EFBC}") = "OrderService.Domain", "OrderService\OrderService.Domain\OrderService.Domain.csproj", "{089FDE74-6DCE-4268-8DD7-26CCD3445240}"
EndProject
Project("{FAE04EC0-301F-11D3-BF4B-00C04F79EFBC}") = "OrderService.Infrastructure", "OrderService\OrderService.Infrastructure\OrderService.Infrastructure.csproj", "{E69A14E8-1F65-40FF-B117-DA517E7AA47E}"
EndProject
Global
	GlobalSection(SolutionConfigurationPlatforms) = preSolution
		Debug|Any CPU = Debug|Any CPU
		Release|Any CPU = Release|Any CPU
	EndGlobalSection
	GlobalSection(SolutionProperties) = preSolution
		HideSolutionNode = FALSE
	EndGlobalSection
	GlobalSection(ProjectConfigurationPlatforms) = postSolution
		{C0E5F5B1-6E62-4930-B5BE-696CDBD0A252}.Debug|Any CPU.ActiveCfg = Debug|Any CPU
		{C0E5F5B1-6E62-4930-B5BE-696CDBD0A252}.Debug|Any CPU.Build.0 = Debug|Any CPU
		{C0E5F5B1-6E62-4930-B5BE-696CDBD0A252}.Release|Any CPU.ActiveCfg = Release|Any CPU
		{C0E5F5B1-6E62-4930-B5BE-696CDBD0A252}.Release|Any CPU.Build.0 = Release|Any CPU
		{D4424814-19E8-42F7-9F17-81C10A49502F}.Debug|Any CPU.ActiveCfg = Debug|Any CPU
		{D4424814-19E8-42F7-9F17-81C10A49502F}.Debug|Any CPU.Build.0 = Debug|Any CPU
		{D4424814-19E8-42F7-9F17-81C10A49502F}.Release|Any CPU.ActiveCfg = Release|Any CPU
		{D4424814-19E8-42F7-9F17-81C10A49502F}.Release|Any CPU.Build.0 = Release|Any CPU
		{1460CD10-7BEA-4A3E-B8DA-6DC6807D0DEE}.Debug|Any CPU.ActiveCfg = Debug|Any CPU
		{1460CD10-7BEA-4A3E-B8DA-6DC6807D0DEE}.Debug|Any CPU.Build.0 = Debug|Any CPU
		{1460CD10-7BEA-4A3E-B8DA-6DC6807D0DEE}.Release|Any CPU.ActiveCfg = Release|Any CPU
		{1460CD10-7BEA-4A3E-B8DA-6DC6807D0DEE}.Release|Any CPU.Build.0 = Release|Any CPU
		{474ED94D-71BD-41DF-ABD0-588014D55C94}.Debug|Any CPU.ActiveCfg = Debug|Any CPU
		{474ED94D-71BD-41DF-ABD0-588014D55C94}.Debug|Any CPU.Build.0 = Debug|Any CPU
		{474ED94D-71BD-41DF-ABD0-588014D55C94}.Release|Any CPU.ActiveCfg = Release|Any CPU
		{474ED94D-71BD-41DF-ABD0-588014D55C94}.Release|Any CPU.Build.0 = Release|Any CPU
		{8328E052-C5BE-4573-9961-3A3BAA433903}.Debug|Any CPU.ActiveCfg = Debug|Any CPU
		{8328E052-C5BE-4573-9961-3A3BAA433903}.Debug|Any CPU.Build.0 = Debug|Any CPU
		{8328E052-C5BE-4573-9961-3A3BAA433903}.Release|Any CPU.ActiveCfg = Release|Any CPU
		{8328E052-C5BE-4573-9961-3A3BAA433903}.Release|Any CPU.Build.0 = Release|Any CPU
		{958B713D-F346-483F-A42E-0EBB99C159C4}.Debug|Any CPU.ActiveCfg = Debug|Any CPU
		{958B713D-F346-483F-A42E-0EBB99C159C4}.Debug|Any CPU.Build.0 = Debug|Any CPU
		{958B713D-F346-483F-A42E-0EBB99C159C4}.Release|Any CPU.ActiveCfg = Release|Any CPU
		{958B713D-F346-483F-A42E-0EBB99C159C4}.Release|Any CPU.Build.0 = Release|Any CPU
		{052FD3F8-D290-43B5-9E72-48FCDCB92504}.Debug|Any CPU.ActiveCfg = Debug|Any CPU
		{052FD3F8-D290-43B5-9E72-48FCDCB92504}.Debug|Any CPU.Build.0 = Debug|Any CPU
		{052FD3F8-D290-43B5-9E72-48FCDCB92504}.Release|Any CPU.ActiveCfg = Release|Any CPU
		{052FD3F8-D290-43B5-9E72-48FCDCB92504}.Release|Any CPU.Build.0 = Release|Any CPU
		{6B997F60-CFC6-48A7-B9CA-655B73C6F4BF}.Debug|Any CPU.ActiveCfg = Debug|Any CPU
		{6B997F60-CFC6-48A7-B9CA-655B73C6F4BF}.Debug|Any CPU.Build.0 = Debug|Any CPU
		{6B997F60-CFC6-48A7-B9CA-655B73C6F4BF}.Release|Any CPU.ActiveCfg = Release|Any CPU
		{6B997F60-CFC6-48A7-B9CA-655B73C6F4BF}.Release|Any CPU.Build.0 = Release|Any CPU
		{BEA6C15E-E071-43DE-B9C8-81D5B86A39CE}.Debug|Any CPU.ActiveCfg = Debug|Any CPU
		{BEA6C15E-E071-43DE-B9C8-81D5B86A39CE}.Debug|Any CPU.Build.0 = Debug|Any CPU
		{BEA6C15E-E071-43DE-B9C8-81D5B86A39CE}.Release|Any CPU.ActiveCfg = Release|Any CPU
		{BEA6C15E-E071-43DE-B9C8-81D5B86A39CE}.Release|Any CPU.Build.0 = Release|Any CPU
		{19CAE239-5862-4805-AB3E-217ED7166B46}.Debug|Any CPU.ActiveCfg = Debug|Any CPU
		{19CAE239-5862-4805-AB3E-217ED7166B46}.Debug|Any CPU.Build.0 = Debug|Any CPU
		{19CAE239-5862-4805-AB3E-217ED7166B46}.Release|Any CPU.ActiveCfg = Release|Any CPU
		{19CAE239-5862-4805-AB3E-217ED7166B46}.Release|Any CPU.Build.0 = Release|Any CPU
		{089FDE74-6DCE-4268-8DD7-26CCD3445240}.Debug|Any CPU.ActiveCfg = Debug|Any CPU
		{089FDE74-6DCE-4268-8DD7-26CCD3445240}.Debug|Any CPU.Build.0 = Debug|Any CPU
		{089FDE74-6DCE-4268-8DD7-26CCD3445240}.Release|Any CPU.ActiveCfg = Release|Any CPU
		{089FDE74-6DCE-4268-8DD7-26CCD3445240}.Release|Any CPU.Build.0 = Release|Any CPU
		{E69A14E8-1F65-40FF-B117-DA517E7AA47E}.Debug|Any CPU.ActiveCfg = Debug|Any CPU
		{E69A14E8-1F65-40FF-B117-DA517E7AA47E}.Debug|Any CPU.Build.0 = Debug|Any CPU
		{E69A14E8-1F65-40FF-B117-DA517E7AA47E}.Release|Any CPU.ActiveCfg = Release|Any CPU
		{E69A14E8-1F65-40FF-B117-DA517E7AA47E}.Release|Any CPU.Build.0 = Release|Any CPU
	EndGlobalSection
	GlobalSection(NestedProjects) = preSolution
		{1460CD10-7BEA-4A3E-B8DA-6DC6807D0DEE} = {6A444934-E0CC-4EC4-B417-BC1E0DDD1286}
		{8328E052-C5BE-4573-9961-3A3BAA433903} = {6A444934-E0CC-4EC4-B417-BC1E0DDD1286}
		{958B713D-F346-483F-A42E-0EBB99C159C4} = {6A444934-E0CC-4EC4-B417-BC1E0DDD1286}
		{052FD3F8-D290-43B5-9E72-48FCDCB92504} = {6A444934-E0CC-4EC4-B417-BC1E0DDD1286}
		{6B997F60-CFC6-48A7-B9CA-655B73C6F4BF} = {6A444934-E0CC-4EC4-B417-BC1E0DDD1286}
		{D4424814-19E8-42F7-9F17-81C10A49502F} = {CD9B9E1E-49AD-4272-BD33-01288B4A76AB}
		{BEA6C15E-E071-43DE-B9C8-81D5B86A39CE} = {CD9B9E1E-49AD-4272-BD33-01288B4A76AB}
		{19CAE239-5862-4805-AB3E-217ED7166B46} = {CD9B9E1E-49AD-4272-BD33-01288B4A76AB}
		{089FDE74-6DCE-4268-8DD7-26CCD3445240} = {CD9B9E1E-49AD-4272-BD33-01288B4A76AB}
		{E69A14E8-1F65-40FF-B117-DA517E7AA47E} = {CD9B9E1E-49AD-4272-BD33-01288B4A76AB}
	EndGlobalSection
EndGlobal
