
Microsoft Visual Studio Solution File, Format Version 12.00
# Visual Studio Version 17
VisualStudioVersion = 17.5.002.0
MinimumVisualStudioVersion = 10.0.40219.1
Project("{9A19103F-16F7-4668-BE54-9A1E7A4F7556}") = "OrderService", "OrderService.csproj", "{5205B285-6AB5-41DD-80F1-688159B19CB7}"
EndProject
Project("{FAE04EC0-301F-11D3-BF4B-00C04F79EFBC}") = "OrderService.Domain", "OrderService.Domain\OrderService.Domain.csproj", "{E8D76F9F-967B-4162-9012-42CB6FFEADFE}"
EndProject
Project("{FAE04EC0-301F-11D3-BF4B-00C04F79EFBC}") = "OrderService.Application", "OrderService.Application\OrderService.Application.csproj", "{999B321D-F126-4098-AB62-803BD34F56B2}"
EndProject
Project("{FAE04EC0-301F-11D3-BF4B-00C04F79EFBC}") = "OrderService.Infrastructure", "OrderService.Infrastructure\OrderService.Infrastructure.csproj", "{BBBBA114-87FA-4BA5-BBB1-1A2E996F9B3B}"
EndProject
Project("{FAE04EC0-301F-11D3-BF4B-00C04F79EFBC}") = "OrderService.API", "OrderService.API\OrderService.API.csproj", "{5E2D795A-0AD7-4F9D-9C02-19C4E3873623}"
EndProject
Global
	GlobalSection(SolutionConfigurationPlatforms) = preSolution
		Debug|Any CPU = Debug|Any CPU
		Release|Any CPU = Release|Any CPU
	EndGlobalSection
	GlobalSection(ProjectConfigurationPlatforms) = postSolution
		{5205B285-6AB5-41DD-80F1-688159B19CB7}.Debug|Any CPU.ActiveCfg = Debug|Any CPU
		{5205B285-6AB5-41DD-80F1-688159B19CB7}.Debug|Any CPU.Build.0 = Debug|Any CPU
		{5205B285-6AB5-41DD-80F1-688159B19CB7}.Release|Any CPU.ActiveCfg = Release|Any CPU
		{5205B285-6AB5-41DD-80F1-688159B19CB7}.Release|Any CPU.Build.0 = Release|Any CPU
		{E8D76F9F-967B-4162-9012-42CB6FFEADFE}.Debug|Any CPU.ActiveCfg = Debug|Any CPU
		{E8D76F9F-967B-4162-9012-42CB6FFEADFE}.Debug|Any CPU.Build.0 = Debug|Any CPU
		{E8D76F9F-967B-4162-9012-42CB6FFEADFE}.Release|Any CPU.ActiveCfg = Release|Any CPU
		{E8D76F9F-967B-4162-9012-42CB6FFEADFE}.Release|Any CPU.Build.0 = Release|Any CPU
		{999B321D-F126-4098-AB62-803BD34F56B2}.Debug|Any CPU.ActiveCfg = Debug|Any CPU
		{999B321D-F126-4098-AB62-803BD34F56B2}.Debug|Any CPU.Build.0 = Debug|Any CPU
		{999B321D-F126-4098-AB62-803BD34F56B2}.Release|Any CPU.ActiveCfg = Release|Any CPU
		{999B321D-F126-4098-AB62-803BD34F56B2}.Release|Any CPU.Build.0 = Release|Any CPU
		{BBBBA114-87FA-4BA5-BBB1-1A2E996F9B3B}.Debug|Any CPU.ActiveCfg = Debug|Any CPU
		{BBBBA114-87FA-4BA5-BBB1-1A2E996F9B3B}.Debug|Any CPU.Build.0 = Debug|Any CPU
		{BBBBA114-87FA-4BA5-BBB1-1A2E996F9B3B}.Release|Any CPU.ActiveCfg = Release|Any CPU
		{BBBBA114-87FA-4BA5-BBB1-1A2E996F9B3B}.Release|Any CPU.Build.0 = Release|Any CPU
		{5E2D795A-0AD7-4F9D-9C02-19C4E3873623}.Debug|Any CPU.ActiveCfg = Debug|Any CPU
		{5E2D795A-0AD7-4F9D-9C02-19C4E3873623}.Debug|Any CPU.Build.0 = Debug|Any CPU
		{5E2D795A-0AD7-4F9D-9C02-19C4E3873623}.Release|Any CPU.ActiveCfg = Release|Any CPU
		{5E2D795A-0AD7-4F9D-9C02-19C4E3873623}.Release|Any CPU.Build.0 = Release|Any CPU
	EndGlobalSection
	GlobalSection(SolutionProperties) = preSolution
		HideSolutionNode = FALSE
	EndGlobalSection
	GlobalSection(ExtensibilityGlobals) = postSolution
		SolutionGuid = {87A8B2B7-9ACA-4120-814E-BFC842938763}
	EndGlobalSection
EndGlobal
